
Microsoft Visual Studio Solution File, Format Version 12.00
# Visual Studio Version 16
VisualStudioVersion = 16.0.30711.63
MinimumVisualStudioVersion = 10.0.40219.1
Project("{FAE04EC0-301F-11D3-BF4B-00C04F79EFBC}") = "ex20201121_001", "ex20201121_001.csproj", "{352C8134-4C79-45D5-A9F9-EE34FD8914B3}"
EndProject
Global
	GlobalSection(SolutionConfigurationPlatforms) = preSolution
		Debug|Any CPU = Debug|Any CPU
		Release|Any CPU = Release|Any CPU
	EndGlobalSection
	GlobalSection(ProjectConfigurationPlatforms) = postSolution
		{352C8134-4C79-45D5-A9F9-EE34FD8914B3}.Debug|Any CPU.ActiveCfg = Debug|Any CPU
		{352C8134-4C79-45D5-A9F9-EE34FD8914B3}.Debug|Any CPU.Build.0 = Debug|Any CPU
		{352C8134-4C79-45D5-A9F9-EE34FD8914B3}.Release|Any CPU.ActiveCfg = Release|Any CPU
		{352C8134-4C79-45D5-A9F9-EE34FD8914B3}.Release|Any CPU.Build.0 = Release|Any CPU
	EndGlobalSection
	GlobalSection(SolutionProperties) = preSolution
		HideSolutionNode = FALSE
	EndGlobalSection
	GlobalSection(ExtensibilityGlobals) = postSolution
		SolutionGuid = {B6B4D6A1-7037-4191-824B-41AA4A99FFA0}
	EndGlobalSection
EndGlobal
